
Microsoft Visual Studio Solution File, Format Version 12.00
# Visual Studio Version 17
VisualStudioVersion = 17.10.35013.160
MinimumVisualStudioVersion = 10.0.40219.1
Project("{8BC9CEB8-8B4A-11D0-8D11-00A0C91BC942}") = "MyFirst file", "MyFirst file\MyFirst file.vcxproj", "{81C0DAD2-C9DD-4F5B-BE94-1912C35A14AB}"
EndProject
Global
	GlobalSection(SolutionConfigurationPlatforms) = preSolution
		Debug|x64 = Debug|x64
		Debug|x86 = Debug|x86
		Release|x64 = Release|x64
		Release|x86 = Release|x86
	EndGlobalSection
	GlobalSection(ProjectConfigurationPlatforms) = postSolution
		{81C0DAD2-C9DD-4F5B-BE94-1912C35A14AB}.Debug|x64.ActiveCfg = Debug|x64
		{81C0DAD2-C9DD-4F5B-BE94-1912C35A14AB}.Debug|x64.Build.0 = Debug|x64
		{81C0DAD2-C9DD-4F5B-BE94-1912C35A14AB}.Debug|x86.ActiveCfg = Debug|Win32
		{81C0DAD2-C9DD-4F5B-BE94-1912C35A14AB}.Debug|x86.Build.0 = Debug|Win32
		{81C0DAD2-C9DD-4F5B-BE94-1912C35A14AB}.Release|x64.ActiveCfg = Release|x64
		{81C0DAD2-C9DD-4F5B-BE94-1912C35A14AB}.Release|x64.Build.0 = Release|x64
		{81C0DAD2-C9DD-4F5B-BE94-1912C35A14AB}.Release|x86.ActiveCfg = Release|Win32
		{81C0DAD2-C9DD-4F5B-BE94-1912C35A14AB}.Release|x86.Build.0 = Release|Win32
	EndGlobalSection
	GlobalSection(SolutionProperties) = preSolution
		HideSolutionNode = FALSE
	EndGlobalSection
	GlobalSection(ExtensibilityGlobals) = postSolution
		SolutionGuid = {680C1823-4AC3-4A08-9103-8AA649038634}
	EndGlobalSection
EndGlobal
